Microsoft Visual Studio Solution File, Format Version 12.00
# Visual Studio 14
VisualStudioVersion = 14.0.25420.1
MinimumVisualStudioVersion = 10.0.40219.1
Project("{8BC9CEB8-8B4A-11D0-8D11-00A0C91BC942}") = "self", "self\self.vcxproj", "{22FD607F-5015-49EA-9010-1AD4BA706E7F}"
EndProject
Project("{8BC9CEB8-8B4A-11D0-8D11-00A0C91BC942}") = "self_instance", "self_instance\self_instance.vcxproj", "{C39035F1-0925-4981-A2AE-7CA8C4B17A60}"
EndProject
Project("{8BC9CEB8-8B4A-11D0-8D11-00A0C91BC942}") = "platform_nao", "..\plugins\vs2015\platform_nao\platform_nao.vcxproj", "{483AB285-4030-4E25-B3BE-3274ECC09CAC}"
EndProject
Project("{8BC9CEB8-8B4A-11D0-8D11-00A0C91BC942}") = "platform_win", "..\plugins\vs2015\platform_win\platform_win.vcxproj", "{2CA9F579-1EB9-46D0-A7DA-77B8832721BD}"
EndProject
Project("{8BC9CEB8-8B4A-11D0-8D11-00A0C91BC942}") = "package", "Package\Package.vcxproj", "{88D51400-FDB1-43BB-823F-84CD0D4D18FD}"
	ProjectSection(ProjectDependencies) = postProject
		{28BA4301-4C55-41D2-B122-01DBDE375452} = {28BA4301-4C55-41D2-B122-01DBDE375452}
		{61529802-157A-427E-BD00-2E0BE8E2CC57} = {61529802-157A-427E-BD00-2E0BE8E2CC57}
		{AFA9400C-6C23-41EA-8077-265A2F4EEEEF} = {AFA9400C-6C23-41EA-8077-265A2F4EEEEF}
		{0912FF0C-81F5-4C40-A588-6333BC4A5748} = {0912FF0C-81F5-4C40-A588-6333BC4A5748}
		{8BD9DB20-C48D-4BE3-95E2-468803C63407} = {8BD9DB20-C48D-4BE3-95E2-468803C63407}
		{7E45DE27-419E-469C-AFFA-F669750D6338} = {7E45DE27-419E-469C-AFFA-F669750D6338}
		{1DA05531-F1E9-4202-91C8-C19ECBA96FE3} = {1DA05531-F1E9-4202-91C8-C19ECBA96FE3}
		{E274F431-B446-4591-B8BF-9DAE709AB5C6} = {E274F431-B446-4591-B8BF-9DAE709AB5C6}
		{48D20533-1299-46C8-9F80-A807B50FC5B6} = {48D20533-1299-46C8-9F80-A807B50FC5B6}
		{4382EB41-78E8-44B6-9BC9-3E7253AE801C} = {4382EB41-78E8-44B6-9BC9-3E7253AE801C}
		{96EC755D-F89D-4EAD-B13D-69499E842782} = {96EC755D-F89D-4EAD-B13D-69499E842782}
		{CBBDCD68-EB2B-4B7C-A28F-9C763B942A92} = {CBBDCD68-EB2B-4B7C-A28F-9C763B942A92}
		{2CA9F579-1EB9-46D0-A7DA-77B8832721BD} = {2CA9F579-1EB9-46D0-A7DA-77B8832721BD}
		{22FD607F-5015-49EA-9010-1AD4BA706E7F} = {22FD607F-5015-49EA-9010-1AD4BA706E7F}
		{483AB285-4030-4E25-B3BE-3274ECC09CAC} = {483AB285-4030-4E25-B3BE-3274ECC09CAC}
		{CFBC2488-715E-4F43-BE9C-997DB8CE3517} = {CFBC2488-715E-4F43-BE9C-997DB8CE3517}
		{60E2BC91-E3EE-42FD-B452-D07055FDD341} = {60E2BC91-E3EE-42FD-B452-D07055FDD341}
		{4113FBA0-A723-433B-AEB3-236170BE269D} = {4113FBA0-A723-433B-AEB3-236170BE269D}
		{CC2C99A1-4B94-4143-8639-C32362A39DDB} = {CC2C99A1-4B94-4143-8639-C32362A39DDB}
		{D9A961A6-B7C0-4DEC-812E-154089F275BC} = {D9A961A6-B7C0-4DEC-812E-154089F275BC}
		{2F2A28B8-7200-482F-9906-18CD1A773F2D} = {2F2A28B8-7200-482F-9906-18CD1A773F2D}
		{A628E0CC-A8B1-4EDC-86CC-B2CFE616409E} = {A628E0CC-A8B1-4EDC-86CC-B2CFE616409E}
		{80DBFCD5-E381-4FEE-853C-3DCC2CE0ED68} = {80DBFCD5-E381-4FEE-853C-3DCC2CE0ED68}
		{C39035F1-0925-4981-A2AE-7CA8C4B17A60} = {C39035F1-0925-4981-A2AE-7CA8C4B17A60}
		{A98C57FB-2761-41A5-B047-28EE404E0E73} = {A98C57FB-2761-41A5-B047-28EE404E0E73}
		{6D0E99FC-F76B-4D85-9EAC-4B431A722BD4} = {6D0E99FC-F76B-4D85-9EAC-4B431A722BD4}
	EndProjectSection
EndProject
Project("{2150E333-8FDC-42A3-9474-1A3956D46DE8}") = "plugins", "plugins", "{7F9BBD9D-1894-436F-A831-C8672B81D331}"
EndProject
Project("{2150E333-8FDC-42A3-9474-1A3956D46DE8}") = "platform", "platform", "{56F732AD-4EE3-4EE2-9A60-72D6D0090AD4}"
EndProject
Project("{2150E333-8FDC-42A3-9474-1A3956D46DE8}") = "lib", "lib", "{9D30C57A-5E18-4493-8078-4D63CA29A609}"
EndProject
Project("{8BC9CEB8-8B4A-11D0-8D11-00A0C91BC942}") = "sqlite", "sqlite\sqlite.vcxproj", "{CFBC2488-715E-4F43-BE9C-997DB8CE3517}"
EndProject
Project("{2150E333-8FDC-42A3-9474-1A3956D46DE8}") = "tools", "tools", "{87480AB3-5459-4A40-81CE-041FF9083FA2}"
EndProject
Project("{8BC9CEB8-8B4A-11D0-8D11-00A0C91BC942}") = "topic_client", "topic_client\topic_client.vcxproj", "{96EC755D-F89D-4EAD-B13D-69499E842782}"
EndProject
Project("{8BC9CEB8-8B4A-11D0-8D11-00A0C91BC942}") = "platform_ros", "..\plugins\vs2015\platform_ros\platform_ros.vcxproj", "{61529802-157A-427E-BD00-2E0BE8E2CC57}"
EndProject
Project("{8BC9CEB8-8B4A-11D0-8D11-00A0C91BC942}") = "libqi", "..\plugins\vs2015\libqi\libqi.vcxproj", "{A98C57FB-2761-41A5-B047-28EE404E0E73}"
EndProject
Project("{8BC9CEB8-8B4A-11D0-8D11-00A0C91BC942}") = "platform_sota", "..\plugins\vs2015\platform_sota\platform_sota.vcxproj", "{6D0E99FC-F76B-4D85-9EAC-4B431A722BD4}"
EndProject
Project("{8BC9CEB8-8B4A-11D0-8D11-00A0C91BC942}") = "remote_plugin", "..\plugins\vs2015\remote_plugin\remote_plugin.vcxproj", "{E274F431-B446-4591-B8BF-9DAE709AB5C6}"
EndProject
Project("{8BC9CEB8-8B4A-11D0-8D11-00A0C91BC942}") = "platform_abb", "..\plugins\vs2015\platform_abb\platform_abb.vcxproj", "{CBBDCD68-EB2B-4B7C-A28F-9C763B942A92}"
EndProject
Project("{8BC9CEB8-8B4A-11D0-8D11-00A0C91BC942}") = "platform_linux", "..\plugins\vs2015\platform_linux\platform_linux.vcxproj", "{80DBFCD5-E381-4FEE-853C-3DCC2CE0ED68}"
EndProject
Project("{8BC9CEB8-8B4A-11D0-8D11-00A0C91BC942}") = "platform_mac", "..\plugins\vs2015\platform_mac\platform_mac.vcxproj", "{60E2BC91-E3EE-42FD-B452-D07055FDD341}"
EndProject
Project("{8BC9CEB8-8B4A-11D0-8D11-00A0C91BC942}") = "self_tests", "self_tests\self_tests.vcxproj", "{A628E0CC-A8B1-4EDC-86CC-B2CFE616409E}"
EndProject
Project("{8BC9CEB8-8B4A-11D0-8D11-00A0C91BC942}") = "opencv_plugin", "..\plugins\vs2015\opencv_plugin\opencv_plugin.vcxproj", "{0912FF0C-81F5-4C40-A588-6333BC4A5748}"
EndProject
Project("{8BC9CEB8-8B4A-11D0-8D11-00A0C91BC942}") = "pointgrey_plugin", "..\plugins\vs2015\pointgrey_plugin\pointgrey_plugin.vcxproj", "{48D20533-1299-46C8-9F80-A807B50FC5B6}"
EndProject
Project("{8BC9CEB8-8B4A-11D0-8D11-00A0C91BC942}") = "smartthings_plugin", "..\plugins\vs2015\smartthings_plugin\smartthings_plugin.vcxproj", "{2F2A28B8-7200-482F-9906-18CD1A773F2D}"
EndProject
Project("{2150E333-8FDC-42A3-9474-1A3956D46DE8}") = "lib", "lib", "{91282B43-52ED-415D-9735-1A8242314A99}"
EndProject
Project("{2150E333-8FDC-42A3-9474-1A3956D46DE8}") = "cpp-sdk", "cpp-sdk", "{11529ECE-C32D-465C-A736-2ED87001D672}"
EndProject
Project("{8BC9CEB8-8B4A-11D0-8D11-00A0C91BC942}") = "jsoncpp", "..\lib\cpp-sdk\vs2015\jsoncpp\jsoncpp.vcxproj", "{28BA4301-4C55-41D2-B122-01DBDE375452}"
EndProject
Project("{8BC9CEB8-8B4A-11D0-8D11-00A0C91BC942}") = "librdkafka", "..\lib\cpp-sdk\vs2015\librdkafka\librdkafka.vcxproj", "{235811ED-0AB6-4309-B52C-54AB38590F68}"
EndProject
Project("{8BC9CEB8-8B4A-11D0-8D11-00A0C91BC942}") = "tinythread++", "..\lib\cpp-sdk\vs2015\tinythread++\tinythread++.vcxproj", "{996FA927-87A6-47A7-830B-5635A548EC66}"
EndProject
Project("{8BC9CEB8-8B4A-11D0-8D11-00A0C91BC942}") = "tinyxml", "..\lib\cpp-sdk\vs2015\tinyxml\tinyxml.vcxproj", "{7E45DE27-419E-469C-AFFA-F669750D6338}"
EndProject
Project("{8BC9CEB8-8B4A-11D0-8D11-00A0C91BC942}") = "unit_test", "..\lib\cpp-sdk\vs2015\unit_test\unit_test.vcxproj", "{2475E542-F092-4292-8AC0-8D52DBAF7B1E}"
EndProject
Project("{8BC9CEB8-8B4A-11D0-8D11-00A0C91BC942}") = "utils", "..\lib\cpp-sdk\vs2015\utils\utils.vcxproj", "{9B6C58B8-9A51-4634-AB23-F23F6A458BAD}"
EndProject
Project("{8BC9CEB8-8B4A-11D0-8D11-00A0C91BC942}") = "zlib", "..\lib\cpp-sdk\vs2015\zlib\zlib.vcxproj", "{44A53853-2D97-4F4B-860C-52EDD74DFB39}"
EndProject
Project("{8BC9CEB8-8B4A-11D0-8D11-00A0C91BC942}") = "pcl_plugin", "..\plugins\vs2015\pcl_plugin\pcl_plugin.vcxproj", "{4382EB41-78E8-44B6-9BC9-3E7253AE801C}"
EndProject
Project("{8BC9CEB8-8B4A-11D0-8D11-00A0C91BC942}") = "watson_plugin", "..\plugins\vs2015\watson_plugin\watson_plugin.vcxproj", "{8BD9DB20-C48D-4BE3-95E2-468803C63407}"
EndProject
Project("{8BC9CEB8-8B4A-11D0-8D11-00A0C91BC942}") = "rg_plugin", "..\plugins\vs2015\rg_plugin\rg_plugin.vcxproj", "{AFA9400C-6C23-41EA-8077-265A2F4EEEEF}"
EndProject
Project("{8BC9CEB8-8B4A-11D0-8D11-00A0C91BC942}") = "wayblazer_plugin", "..\plugins\vs2015\wayblazer_plugin\wayblazer_plugin.vcxproj", "{CC2C99A1-4B94-4143-8639-C32362A39DDB}"
EndProject
Project("{8BC9CEB8-8B4A-11D0-8D11-00A0C91BC942}") = "iva_plugin", "..\plugins\vs2015\iva_plugin\iva_plugin.vcxproj", "{D9A961A6-B7C0-4DEC-812E-154089F275BC}"
EndProject
Project("{8BC9CEB8-8B4A-11D0-8D11-00A0C91BC942}") = "nexmo_plugin", "..\plugins\vs2015\nexmo_plugin\nexmo_plugin.vcxproj", "{1DA05531-F1E9-4202-91C8-C19ECBA96FE3}"
EndProject
Project("{8BC9CEB8-8B4A-11D0-8D11-00A0C91BC942}") = "kinect_plugin", "..\plugins\vs2015\kinect_plugin\kinect_plugin.vcxproj", "{4113FBA0-A723-433B-AEB3-236170BE269D}"
EndProject
Project("{8BC9CEB8-8B4A-11D0-8D11-00A0C91BC942}") = "platform_raspi", "..\plugins\vs2015\platform_raspi\platform_raspi.vcxproj", "{F6B0F0F0-CF74-404E-8033-91BCFE15FDBD}"
EndProject
Global
	GlobalSection(SolutionConfigurationPlatforms) = preSolution
		Debug|x86 = Debug|x86
		Package|x86 = Package|x86
		Release|x86 = Release|x86
	EndGlobalSection
	GlobalSection(ProjectConfigurationPlatforms) = postSolution
		{22FD607F-5015-49EA-9010-1AD4BA706E7F}.Debug|x86.ActiveCfg = Debug|Win32
		{22FD607F-5015-49EA-9010-1AD4BA706E7F}.Debug|x86.Build.0 = Debug|Win32
		{22FD607F-5015-49EA-9010-1AD4BA706E7F}.Package|x86.ActiveCfg = Release|Win32
		{22FD607F-5015-49EA-9010-1AD4BA706E7F}.Release|x86.ActiveCfg = Release|Win32
		{22FD607F-5015-49EA-9010-1AD4BA706E7F}.Release|x86.Build.0 = Release|Win32
		{C39035F1-0925-4981-A2AE-7CA8C4B17A60}.Debug|x86.ActiveCfg = Debug|Win32
		{C39035F1-0925-4981-A2AE-7CA8C4B17A60}.Debug|x86.Build.0 = Debug|Win32
		{C39035F1-0925-4981-A2AE-7CA8C4B17A60}.Package|x86.ActiveCfg = Release|Win32
		{C39035F1-0925-4981-A2AE-7CA8C4B17A60}.Release|x86.ActiveCfg = Release|Win32
		{C39035F1-0925-4981-A2AE-7CA8C4B17A60}.Release|x86.Build.0 = Release|Win32
		{483AB285-4030-4E25-B3BE-3274ECC09CAC}.Debug|x86.ActiveCfg = Debug|Win32
		{483AB285-4030-4E25-B3BE-3274ECC09CAC}.Debug|x86.Build.0 = Debug|Win32
		{483AB285-4030-4E25-B3BE-3274ECC09CAC}.Package|x86.ActiveCfg = Release|Win32
		{483AB285-4030-4E25-B3BE-3274ECC09CAC}.Release|x86.ActiveCfg = Release|Win32
		{483AB285-4030-4E25-B3BE-3274ECC09CAC}.Release|x86.Build.0 = Release|Win32
		{2CA9F579-1EB9-46D0-A7DA-77B8832721BD}.Debug|x86.ActiveCfg = Debug|Win32
		{2CA9F579-1EB9-46D0-A7DA-77B8832721BD}.Debug|x86.Build.0 = Debug|Win32
		{2CA9F579-1EB9-46D0-A7DA-77B8832721BD}.Package|x86.ActiveCfg = Release|Win32
		{2CA9F579-1EB9-46D0-A7DA-77B8832721BD}.Release|x86.ActiveCfg = Release|Win32
		{2CA9F579-1EB9-46D0-A7DA-77B8832721BD}.Release|x86.Build.0 = Release|Win32
		{88D51400-FDB1-43BB-823F-84CD0D4D18FD}.Debug|x86.ActiveCfg = Debug|Win32
		{88D51400-FDB1-43BB-823F-84CD0D4D18FD}.Debug|x86.Build.0 = Debug|Win32
		{88D51400-FDB1-43BB-823F-84CD0D4D18FD}.Package|x86.ActiveCfg = Package|Win32
		{88D51400-FDB1-43BB-823F-84CD0D4D18FD}.Package|x86.Build.0 = Package|Win32
		{88D51400-FDB1-43BB-823F-84CD0D4D18FD}.Release|x86.ActiveCfg = Release|Win32
		{88D51400-FDB1-43BB-823F-84CD0D4D18FD}.Release|x86.Build.0 = Release|Win32
		{CFBC2488-715E-4F43-BE9C-997DB8CE3517}.Debug|x86.ActiveCfg = Debug|Win32
		{CFBC2488-715E-4F43-BE9C-997DB8CE3517}.Debug|x86.Build.0 = Debug|Win32
		{CFBC2488-715E-4F43-BE9C-997DB8CE3517}.Package|x86.ActiveCfg = Release|Win32
		{CFBC2488-715E-4F43-BE9C-997DB8CE3517}.Release|x86.ActiveCfg = Release|Win32
		{CFBC2488-715E-4F43-BE9C-997DB8CE3517}.Release|x86.Build.0 = Release|Win32
		{96EC755D-F89D-4EAD-B13D-69499E842782}.Debug|x86.ActiveCfg = Debug|Win32
		{96EC755D-F89D-4EAD-B13D-69499E842782}.Debug|x86.Build.0 = Debug|Win32
		{96EC755D-F89D-4EAD-B13D-69499E842782}.Package|x86.ActiveCfg = Release|Win32
		{96EC755D-F89D-4EAD-B13D-69499E842782}.Release|x86.ActiveCfg = Release|Win32
		{96EC755D-F89D-4EAD-B13D-69499E842782}.Release|x86.Build.0 = Release|Win32
		{61529802-157A-427E-BD00-2E0BE8E2CC57}.Debug|x86.ActiveCfg = Debug|Win32
		{61529802-157A-427E-BD00-2E0BE8E2CC57}.Debug|x86.Build.0 = Debug|Win32
		{61529802-157A-427E-BD00-2E0BE8E2CC57}.Package|x86.ActiveCfg = Release|Win32
		{61529802-157A-427E-BD00-2E0BE8E2CC57}.Release|x86.ActiveCfg = Release|Win32
		{61529802-157A-427E-BD00-2E0BE8E2CC57}.Release|x86.Build.0 = Release|Win32
		{A98C57FB-2761-41A5-B047-28EE404E0E73}.Debug|x86.ActiveCfg = Debug|Win32
		{A98C57FB-2761-41A5-B047-28EE404E0E73}.Debug|x86.Build.0 = Debug|Win32
		{A98C57FB-2761-41A5-B047-28EE404E0E73}.Package|x86.ActiveCfg = Release|Win32
		{A98C57FB-2761-41A5-B047-28EE404E0E73}.Release|x86.ActiveCfg = Release|Win32
		{A98C57FB-2761-41A5-B047-28EE404E0E73}.Release|x86.Build.0 = Release|Win32
		{6D0E99FC-F76B-4D85-9EAC-4B431A722BD4}.Debug|x86.ActiveCfg = Debug|Win32
		{6D0E99FC-F76B-4D85-9EAC-4B431A722BD4}.Debug|x86.Build.0 = Debug|Win32
		{6D0E99FC-F76B-4D85-9EAC-4B431A722BD4}.Package|x86.ActiveCfg = Release|Win32
		{6D0E99FC-F76B-4D85-9EAC-4B431A722BD4}.Release|x86.ActiveCfg = Release|Win32
		{6D0E99FC-F76B-4D85-9EAC-4B431A722BD4}.Release|x86.Build.0 = Release|Win32
		{E274F431-B446-4591-B8BF-9DAE709AB5C6}.Debug|x86.ActiveCfg = Debug|Win32
		{E274F431-B446-4591-B8BF-9DAE709AB5C6}.Debug|x86.Build.0 = Debug|Win32
		{E274F431-B446-4591-B8BF-9DAE709AB5C6}.Package|x86.ActiveCfg = Release|Win32
		{E274F431-B446-4591-B8BF-9DAE709AB5C6}.Release|x86.ActiveCfg = Release|Win32
		{E274F431-B446-4591-B8BF-9DAE709AB5C6}.Release|x86.Build.0 = Release|Win32
		{CBBDCD68-EB2B-4B7C-A28F-9C763B942A92}.Debug|x86.ActiveCfg = Debug|Win32
		{CBBDCD68-EB2B-4B7C-A28F-9C763B942A92}.Debug|x86.Build.0 = Debug|Win32
		{CBBDCD68-EB2B-4B7C-A28F-9C763B942A92}.Package|x86.ActiveCfg = Release|Win32
		{CBBDCD68-EB2B-4B7C-A28F-9C763B942A92}.Release|x86.ActiveCfg = Release|Win32
		{CBBDCD68-EB2B-4B7C-A28F-9C763B942A92}.Release|x86.Build.0 = Release|Win32
		{80DBFCD5-E381-4FEE-853C-3DCC2CE0ED68}.Debug|x86.ActiveCfg = Debug|Win32
		{80DBFCD5-E381-4FEE-853C-3DCC2CE0ED68}.Debug|x86.Build.0 = Debug|Win32
		{80DBFCD5-E381-4FEE-853C-3DCC2CE0ED68}.Package|x86.ActiveCfg = Release|Win32
		{80DBFCD5-E381-4FEE-853C-3DCC2CE0ED68}.Release|x86.ActiveCfg = Release|Win32
		{80DBFCD5-E381-4FEE-853C-3DCC2CE0ED68}.Release|x86.Build.0 = Release|Win32
		{60E2BC91-E3EE-42FD-B452-D07055FDD341}.Debug|x86.ActiveCfg = Debug|Win32
		{60E2BC91-E3EE-42FD-B452-D07055FDD341}.Debug|x86.Build.0 = Debug|Win32
		{60E2BC91-E3EE-42FD-B452-D07055FDD341}.Package|x86.ActiveCfg = Release|Win32
		{60E2BC91-E3EE-42FD-B452-D07055FDD341}.Release|x86.ActiveCfg = Release|Win32
		{60E2BC91-E3EE-42FD-B452-D07055FDD341}.Release|x86.Build.0 = Release|Win32
		{A628E0CC-A8B1-4EDC-86CC-B2CFE616409E}.Debug|x86.ActiveCfg = Debug|Win32
		{A628E0CC-A8B1-4EDC-86CC-B2CFE616409E}.Debug|x86.Build.0 = Debug|Win32
		{A628E0CC-A8B1-4EDC-86CC-B2CFE616409E}.Package|x86.ActiveCfg = Release|Win32
		{A628E0CC-A8B1-4EDC-86CC-B2CFE616409E}.Release|x86.ActiveCfg = Release|Win32
		{A628E0CC-A8B1-4EDC-86CC-B2CFE616409E}.Release|x86.Build.0 = Release|Win32
		{0912FF0C-81F5-4C40-A588-6333BC4A5748}.Debug|x86.ActiveCfg = Debug|Win32
		{0912FF0C-81F5-4C40-A588-6333BC4A5748}.Debug|x86.Build.0 = Debug|Win32
		{0912FF0C-81F5-4C40-A588-6333BC4A5748}.Package|x86.ActiveCfg = Release|Win32
		{0912FF0C-81F5-4C40-A588-6333BC4A5748}.Release|x86.ActiveCfg = Release|Win32
		{0912FF0C-81F5-4C40-A588-6333BC4A5748}.Release|x86.Build.0 = Release|Win32
		{48D20533-1299-46C8-9F80-A807B50FC5B6}.Debug|x86.ActiveCfg = Debug|Win32
		{48D20533-1299-46C8-9F80-A807B50FC5B6}.Debug|x86.Build.0 = Debug|Win32
		{48D20533-1299-46C8-9F80-A807B50FC5B6}.Package|x86.ActiveCfg = Release|Win32
		{48D20533-1299-46C8-9F80-A807B50FC5B6}.Release|x86.ActiveCfg = Release|Win32
		{48D20533-1299-46C8-9F80-A807B50FC5B6}.Release|x86.Build.0 = Release|Win32
		{2F2A28B8-7200-482F-9906-18CD1A773F2D}.Debug|x86.ActiveCfg = Debug|Win32
		{2F2A28B8-7200-482F-9906-18CD1A773F2D}.Debug|x86.Build.0 = Debug|Win32
		{2F2A28B8-7200-482F-9906-18CD1A773F2D}.Package|x86.ActiveCfg = Release|Win32
		{2F2A28B8-7200-482F-9906-18CD1A773F2D}.Release|x86.ActiveCfg = Release|Win32
		{2F2A28B8-7200-482F-9906-18CD1A773F2D}.Release|x86.Build.0 = Release|Win32
		{28BA4301-4C55-41D2-B122-01DBDE375452}.Debug|x86.ActiveCfg = Debug|Win32
		{28BA4301-4C55-41D2-B122-01DBDE375452}.Debug|x86.Build.0 = Debug|Win32
		{28BA4301-4C55-41D2-B122-01DBDE375452}.Package|x86.ActiveCfg = Release|Win32
		{28BA4301-4C55-41D2-B122-01DBDE375452}.Release|x86.ActiveCfg = Release|Win32
		{28BA4301-4C55-41D2-B122-01DBDE375452}.Release|x86.Build.0 = Release|Win32
		{235811ED-0AB6-4309-B52C-54AB38590F68}.Debug|x86.ActiveCfg = Debug|Win32
		{235811ED-0AB6-4309-B52C-54AB38590F68}.Debug|x86.Build.0 = Debug|Win32
		{235811ED-0AB6-4309-B52C-54AB38590F68}.Package|x86.ActiveCfg = Release|Win32
		{235811ED-0AB6-4309-B52C-54AB38590F68}.Release|x86.ActiveCfg = Release|Win32
		{235811ED-0AB6-4309-B52C-54AB38590F68}.Release|x86.Build.0 = Release|Win32
		{996FA927-87A6-47A7-830B-5635A548EC66}.Debug|x86.ActiveCfg = Debug|Win32
		{996FA927-87A6-47A7-830B-5635A548EC66}.Debug|x86.Build.0 = Debug|Win32
		{996FA927-87A6-47A7-830B-5635A548EC66}.Package|x86.ActiveCfg = Release|Win32
		{996FA927-87A6-47A7-830B-5635A548EC66}.Release|x86.ActiveCfg = Release|Win32
		{996FA927-87A6-47A7-830B-5635A548EC66}.Release|x86.Build.0 = Release|Win32
		{7E45DE27-419E-469C-AFFA-F669750D6338}.Debug|x86.ActiveCfg = Debug|Win32
		{7E45DE27-419E-469C-AFFA-F669750D6338}.Debug|x86.Build.0 = Debug|Win32
		{7E45DE27-419E-469C-AFFA-F669750D6338}.Package|x86.ActiveCfg = Release|Win32
		{7E45DE27-419E-469C-AFFA-F669750D6338}.Release|x86.ActiveCfg = Release|Win32
		{7E45DE27-419E-469C-AFFA-F669750D6338}.Release|x86.Build.0 = Release|Win32
		{2475E542-F092-4292-8AC0-8D52DBAF7B1E}.Debug|x86.ActiveCfg = Debug|Win32
		{2475E542-F092-4292-8AC0-8D52DBAF7B1E}.Debug|x86.Build.0 = Debug|Win32
		{2475E542-F092-4292-8AC0-8D52DBAF7B1E}.Package|x86.ActiveCfg = Release|Win32
		{2475E542-F092-4292-8AC0-8D52DBAF7B1E}.Release|x86.ActiveCfg = Release|Win32
		{2475E542-F092-4292-8AC0-8D52DBAF7B1E}.Release|x86.Build.0 = Release|Win32
		{9B6C58B8-9A51-4634-AB23-F23F6A458BAD}.Debug|x86.ActiveCfg = Debug|Win32
		{9B6C58B8-9A51-4634-AB23-F23F6A458BAD}.Debug|x86.Build.0 = Debug|Win32
		{9B6C58B8-9A51-4634-AB23-F23F6A458BAD}.Package|x86.ActiveCfg = Release|Win32
		{9B6C58B8-9A51-4634-AB23-F23F6A458BAD}.Release|x86.ActiveCfg = Release|Win32
		{9B6C58B8-9A51-4634-AB23-F23F6A458BAD}.Release|x86.Build.0 = Release|Win32
		{44A53853-2D97-4F4B-860C-52EDD74DFB39}.Debug|x86.ActiveCfg = Debug|Win32
		{44A53853-2D97-4F4B-860C-52EDD74DFB39}.Debug|x86.Build.0 = Debug|Win32
		{44A53853-2D97-4F4B-860C-52EDD74DFB39}.Package|x86.ActiveCfg = Release|Win32
		{44A53853-2D97-4F4B-860C-52EDD74DFB39}.Release|x86.ActiveCfg = Release|Win32
		{44A53853-2D97-4F4B-860C-52EDD74DFB39}.Release|x86.Build.0 = Release|Win32
		{4382EB41-78E8-44B6-9BC9-3E7253AE801C}.Debug|x86.ActiveCfg = Debug|Win32
		{4382EB41-78E8-44B6-9BC9-3E7253AE801C}.Debug|x86.Build.0 = Debug|Win32
		{4382EB41-78E8-44B6-9BC9-3E7253AE801C}.Package|x86.ActiveCfg = Release|Win32
		{4382EB41-78E8-44B6-9BC9-3E7253AE801C}.Release|x86.ActiveCfg = Release|Win32
		{4382EB41-78E8-44B6-9BC9-3E7253AE801C}.Release|x86.Build.0 = Release|Win32
		{8BD9DB20-C48D-4BE3-95E2-468803C63407}.Debug|x86.ActiveCfg = Debug|Win32
		{8BD9DB20-C48D-4BE3-95E2-468803C63407}.Debug|x86.Build.0 = Debug|Win32
		{8BD9DB20-C48D-4BE3-95E2-468803C63407}.Package|x86.ActiveCfg = Release|Win32
		{8BD9DB20-C48D-4BE3-95E2-468803C63407}.Release|x86.ActiveCfg = Release|Win32
		{8BD9DB20-C48D-4BE3-95E2-468803C63407}.Release|x86.Build.0 = Release|Win32
		{AFA9400C-6C23-41EA-8077-265A2F4EEEEF}.Debug|x86.ActiveCfg = Debug|Win32
		{AFA9400C-6C23-41EA-8077-265A2F4EEEEF}.Debug|x86.Build.0 = Debug|Win32
		{AFA9400C-6C23-41EA-8077-265A2F4EEEEF}.Package|x86.ActiveCfg = Release|Win32
		{AFA9400C-6C23-41EA-8077-265A2F4EEEEF}.Release|x86.ActiveCfg = Release|Win32
		{AFA9400C-6C23-41EA-8077-265A2F4EEEEF}.Release|x86.Build.0 = Release|Win32
		{CC2C99A1-4B94-4143-8639-C32362A39DDB}.Debug|x86.ActiveCfg = Debug|Win32
		{CC2C99A1-4B94-4143-8639-C32362A39DDB}.Debug|x86.Build.0 = Debug|Win32
		{CC2C99A1-4B94-4143-8639-C32362A39DDB}.Package|x86.ActiveCfg = Release|Win32
		{CC2C99A1-4B94-4143-8639-C32362A39DDB}.Release|x86.ActiveCfg = Release|Win32
		{CC2C99A1-4B94-4143-8639-C32362A39DDB}.Release|x86.Build.0 = Release|Win32
		{D9A961A6-B7C0-4DEC-812E-154089F275BC}.Debug|x86.ActiveCfg = Debug|Win32
		{D9A961A6-B7C0-4DEC-812E-154089F275BC}.Debug|x86.Build.0 = Debug|Win32
		{D9A961A6-B7C0-4DEC-812E-154089F275BC}.Package|x86.ActiveCfg = Release|Win32
		{D9A961A6-B7C0-4DEC-812E-154089F275BC}.Release|x86.ActiveCfg = Release|Win32
		{D9A961A6-B7C0-4DEC-812E-154089F275BC}.Release|x86.Build.0 = Release|Win32
		{1DA05531-F1E9-4202-91C8-C19ECBA96FE3}.Debug|x86.ActiveCfg = Debug|Win32
		{1DA05531-F1E9-4202-91C8-C19ECBA96FE3}.Debug|x86.Build.0 = Debug|Win32
		{1DA05531-F1E9-4202-91C8-C19ECBA96FE3}.Package|x86.ActiveCfg = Release|Win32
		{1DA05531-F1E9-4202-91C8-C19ECBA96FE3}.Release|x86.ActiveCfg = Release|Win32
		{1DA05531-F1E9-4202-91C8-C19ECBA96FE3}.Release|x86.Build.0 = Release|Win32
		{4113FBA0-A723-433B-AEB3-236170BE269D}.Debug|x86.ActiveCfg = Debug|Win32
		{4113FBA0-A723-433B-AEB3-236170BE269D}.Debug|x86.Build.0 = Debug|Win32
		{4113FBA0-A723-433B-AEB3-236170BE269D}.Package|x86.ActiveCfg = Release|Win32
		{4113FBA0-A723-433B-AEB3-236170BE269D}.Release|x86.ActiveCfg = Release|Win32
		{4113FBA0-A723-433B-AEB3-236170BE269D}.Release|x86.Build.0 = Release|Win32
		{F6B0F0F0-CF74-404E-8033-91BCFE15FDBD}.Debug|x86.ActiveCfg = Debug|Win32
		{F6B0F0F0-CF74-404E-8033-91BCFE15FDBD}.Debug|x86.Build.0 = Debug|Win32
		{F6B0F0F0-CF74-404E-8033-91BCFE15FDBD}.Package|x86.ActiveCfg = Release|Win32
		{F6B0F0F0-CF74-404E-8033-91BCFE15FDBD}.Release|x86.ActiveCfg = Release|Win32
		{F6B0F0F0-CF74-404E-8033-91BCFE15FDBD}.Release|x86.Build.0 = Release|Win32
	EndGlobalSection
	GlobalSection(SolutionProperties) = preSolution
		HideSolutionNode = FALSE
	EndGlobalSection
	GlobalSection(NestedProjects) = preSolution
		{483AB285-4030-4E25-B3BE-3274ECC09CAC} = {56F732AD-4EE3-4EE2-9A60-72D6D0090AD4}
		{2CA9F579-1EB9-46D0-A7DA-77B8832721BD} = {56F732AD-4EE3-4EE2-9A60-72D6D0090AD4}
		{56F732AD-4EE3-4EE2-9A60-72D6D0090AD4} = {7F9BBD9D-1894-436F-A831-C8672B81D331}
		{CFBC2488-715E-4F43-BE9C-997DB8CE3517} = {9D30C57A-5E18-4493-8078-4D63CA29A609}
		{96EC755D-F89D-4EAD-B13D-69499E842782} = {87480AB3-5459-4A40-81CE-041FF9083FA2}
		{61529802-157A-427E-BD00-2E0BE8E2CC57} = {56F732AD-4EE3-4EE2-9A60-72D6D0090AD4}
		{A98C57FB-2761-41A5-B047-28EE404E0E73} = {91282B43-52ED-415D-9735-1A8242314A99}
		{6D0E99FC-F76B-4D85-9EAC-4B431A722BD4} = {56F732AD-4EE3-4EE2-9A60-72D6D0090AD4}
		{E274F431-B446-4591-B8BF-9DAE709AB5C6} = {7F9BBD9D-1894-436F-A831-C8672B81D331}
		{CBBDCD68-EB2B-4B7C-A28F-9C763B942A92} = {56F732AD-4EE3-4EE2-9A60-72D6D0090AD4}
		{80DBFCD5-E381-4FEE-853C-3DCC2CE0ED68} = {56F732AD-4EE3-4EE2-9A60-72D6D0090AD4}
		{60E2BC91-E3EE-42FD-B452-D07055FDD341} = {56F732AD-4EE3-4EE2-9A60-72D6D0090AD4}
		{0912FF0C-81F5-4C40-A588-6333BC4A5748} = {7F9BBD9D-1894-436F-A831-C8672B81D331}
		{48D20533-1299-46C8-9F80-A807B50FC5B6} = {7F9BBD9D-1894-436F-A831-C8672B81D331}
		{2F2A28B8-7200-482F-9906-18CD1A773F2D} = {7F9BBD9D-1894-436F-A831-C8672B81D331}
		{91282B43-52ED-415D-9735-1A8242314A99} = {7F9BBD9D-1894-436F-A831-C8672B81D331}
		{11529ECE-C32D-465C-A736-2ED87001D672} = {9D30C57A-5E18-4493-8078-4D63CA29A609}
		{28BA4301-4C55-41D2-B122-01DBDE375452} = {11529ECE-C32D-465C-A736-2ED87001D672}
		{235811ED-0AB6-4309-B52C-54AB38590F68} = {11529ECE-C32D-465C-A736-2ED87001D672}
		{996FA927-87A6-47A7-830B-5635A548EC66} = {11529ECE-C32D-465C-A736-2ED87001D672}
		{7E45DE27-419E-469C-AFFA-F669750D6338} = {11529ECE-C32D-465C-A736-2ED87001D672}
		{2475E542-F092-4292-8AC0-8D52DBAF7B1E} = {11529ECE-C32D-465C-A736-2ED87001D672}
		{9B6C58B8-9A51-4634-AB23-F23F6A458BAD} = {11529ECE-C32D-465C-A736-2ED87001D672}
		{44A53853-2D97-4F4B-860C-52EDD74DFB39} = {11529ECE-C32D-465C-A736-2ED87001D672}
		{4382EB41-78E8-44B6-9BC9-3E7253AE801C} = {7F9BBD9D-1894-436F-A831-C8672B81D331}
		{8BD9DB20-C48D-4BE3-95E2-468803C63407} = {7F9BBD9D-1894-436F-A831-C8672B81D331}
		{AFA9400C-6C23-41EA-8077-265A2F4EEEEF} = {7F9BBD9D-1894-436F-A831-C8672B81D331}
		{CC2C99A1-4B94-4143-8639-C32362A39DDB} = {7F9BBD9D-1894-436F-A831-C8672B81D331}
		{D9A961A6-B7C0-4DEC-812E-154089F275BC} = {7F9BBD9D-1894-436F-A831-C8672B81D331}
		{1DA05531-F1E9-4202-91C8-C19ECBA96FE3} = {7F9BBD9D-1894-436F-A831-C8672B81D331}
		{4113FBA0-A723-433B-AEB3-236170BE269D} = {7F9BBD9D-1894-436F-A831-C8672B81D331}
		{F6B0F0F0-CF74-404E-8033-91BCFE15FDBD} = {56F732AD-4EE3-4EE2-9A60-72D6D0090AD4}
	EndGlobalSection
EndGlobal
