<?xml version="1.0" encoding="utf-8"?>
<Project ToolsVersion="4.0" xmlns="http://schemas.microsoft.com/developer/msbuild/2003">
  <ItemGroup>
    <ClCompile Include="..\..\tests\AgentTest.cpp">
      <Filter>tests</Filter>
    </ClCompile>
    <ClCompile Include="..\..\tests\TestAsimovAgent.cpp">
      <Filter>tests</Filter>
    </ClCompile>
    <ClCompile Include="..\..\tests\TestAttentionAgent.cpp">
      <Filter>tests</Filter>
    </ClCompile>
    <ClCompile Include="..\..\tests\TestDataStore.cpp">
      <Filter>tests</Filter>
    </ClCompile>
    <ClCompile Include="..\..\tests\TestDisplayAgent.cpp">
      <Filter>tests</Filter>
    </ClCompile>
    <ClCompile Include="..\..\tests\TestEmotionAgent.cpp">
      <Filter>tests</Filter>
    </ClCompile>
    <ClCompile Include="..\..\tests\TestFeedbackAgent.cpp">
      <Filter>tests</Filter>
    </ClCompile>
    <ClCompile Include="..\..\tests\TestGestureAgent.cpp">
      <Filter>tests</Filter>
    </ClCompile>
    <ClCompile Include="..\..\tests\TestGoalAgent.cpp">
      <Filter>tests</Filter>
    </ClCompile>
    <ClCompile Include="..\..\tests\TestGraph.cpp">
      <Filter>tests</Filter>
    </ClCompile>
    <ClCompile Include="..\..\tests\TestGreeterAgent.cpp">
      <Filter>tests</Filter>
    </ClCompile>
    <ClCompile Include="..\..\tests\TestHealthAgent.cpp">
      <Filter>tests</Filter>
    </ClCompile>
    <ClCompile Include="..\..\tests\TestMathAgent.cpp">
      <Filter>tests</Filter>
    </ClCompile>
    <ClCompile Include="..\..\tests\TestNameAgent.cpp">
      <Filter>tests</Filter>
    </ClCompile>
    <ClCompile Include="..\..\tests\TestQuestionAgent.cpp">
      <Filter>tests</Filter>
    </ClCompile>
    <ClCompile Include="..\..\tests\TestRandomInteractionAgent.cpp">
      <Filter>tests</Filter>
    </ClCompile>
    <ClCompile Include="..\..\tests\TestReminderAgent.cpp">
      <Filter>tests</Filter>
    </ClCompile>
    <ClCompile Include="..\..\tests\TestRequestAgent.cpp">
      <Filter>tests</Filter>
    </ClCompile>
    <ClCompile Include="..\..\tests\TestRestGesture.cpp">
      <Filter>tests</Filter>
    </ClCompile>
    <ClCompile Include="..\..\tests\TestSelfInstance.cpp">
      <Filter>tests</Filter>
    </ClCompile>
    <ClCompile Include="..\..\tests\TestSkillTeachingAgent.cpp">
      <Filter>tests</Filter>
    </ClCompile>
    <ClCompile Include="..\..\tests\TestSleepAgent.cpp">
      <Filter>tests</Filter>
    </ClCompile>
    <ClCompile Include="..\..\tests\TestSpeakingAgent.cpp">
      <Filter>tests</Filter>
    </ClCompile>
    <ClCompile Include="..\..\tests\TestSystem.cpp">
      <Filter>tests</Filter>
    </ClCompile>
    <ClCompile Include="..\..\tests\TestTelephonyAgent.cpp">
      <Filter>tests</Filter>
    </ClCompile>
    <ClCompile Include="..\..\tests\TestThinkingAgent.cpp">
      <Filter>tests</Filter>
    </ClCompile>
    <ClCompile Include="..\..\tests\TestTimeAgent.cpp">
      <Filter>tests</Filter>
    </ClCompile>
    <ClCompile Include="..\..\tests\TestTopicAgent.cpp">
      <Filter>tests</Filter>
    </ClCompile>
    <ClCompile Include="..\..\tests\TestUpdateAgent.cpp">
      <Filter>tests</Filter>
    </ClCompile>
    <ClCompile Include="..\..\tests\TestURLAgent.cpp">
      <Filter>tests</Filter>
    </ClCompile>
    <ClCompile Include="..\..\tests\TestWeatherAgent.cpp">
      <Filter>tests</Filter>
    </ClCompile>
    <ClCompile Include="..\..\tests\TestWebSocketGesture.cpp">
      <Filter>tests</Filter>
    </ClCompile>
    <ClCompile Include="..\..\tests\TestWebRequestAgent.cpp">
      <Filter>tests</Filter>
    </ClCompile>
    <ClCompile Include="..\..\tests\TestNewsAgent.cpp">
      <Filter>tests</Filter>
    </ClCompile>
    <ClCompile Include="..\..\tests\TestVisualTeachingAgent.cpp">
      <Filter>tests</Filter>
    </ClCompile>
    <ClCompile Include="..\..\tests\TestPrivacyAgent.cpp">
      <Filter>tests</Filter>
    </ClCompile>
    <ClCompile Include="..\..\tests\TestMusicAgent.cpp">
      <Filter>tests</Filter>
    </ClCompile>
    <ClCompile Include="..\..\tests\TestGraphService.cpp">
      <Filter>tests</Filter>
    </ClCompile>
    <ClCompile Include="..\..\tests\TestConfigTopic.cpp">
      <Filter>tests</Filter>
    </ClCompile>
  </ItemGroup>
  <ItemGroup>
    <Filter Include="tests">
      <UniqueIdentifier>{92d4b6d3-f380-44db-83ea-352117ee78a1}</UniqueIdentifier>
    </Filter>
  </ItemGroup>
  <ItemGroup>
    <ClInclude Include="..\..\tests\AgentTest.h">
      <Filter>tests</Filter>
    </ClInclude>
  </ItemGroup>
  <ItemGroup>
    <None Include="self_tests.licenseheader" />
  </ItemGroup>
</Project>